
Microsoft Visual Studio Solution File, Format Version 12.00
# Visual Studio Version 17
VisualStudioVersion = 17.5.002.0
MinimumVisualStudioVersion = 10.0.40219.1
Project("{9A19103F-16F7-4668-BE54-9A1E7A4F7556}") = "task2", "task2.csproj", "{BF5A0D18-4B20-4786-92CA-2E0B26D89157}"
EndProject
Global
	GlobalSection(SolutionConfigurationPlatforms) = preSolution
		Debug|Any CPU = Debug|Any CPU
		Release|Any CPU = Release|Any CPU
	EndGlobalSection
	GlobalSection(ProjectConfigurationPlatforms) = postSolution
		{BF5A0D18-4B20-4786-92CA-2E0B26D89157}.Debug|Any CPU.ActiveCfg = Debug|Any CPU
		{BF5A0D18-4B20-4786-92CA-2E0B26D89157}.Debug|Any CPU.Build.0 = Debug|Any CPU
		{BF5A0D18-4B20-4786-92CA-2E0B26D89157}.Release|Any CPU.ActiveCfg = Release|Any CPU
		{BF5A0D18-4B20-4786-92CA-2E0B26D89157}.Release|Any CPU.Build.0 = Release|Any CPU
	EndGlobalSection
	GlobalSection(SolutionProperties) = preSolution
		HideSolutionNode = FALSE
	EndGlobalSection
	GlobalSection(ExtensibilityGlobals) = postSolution
		SolutionGuid = {539335C8-9FA7-4E6A-AD8C-FD495BAC9825}
	EndGlobalSection
EndGlobal
